
Microsoft Visual Studio Solution File, Format Version 12.00
# Visual Studio Express 2012 for Web
Project("{FAE04EC0-301F-11D3-BF4B-00C04F79EFBC}") = "Librains", "Librains.csproj", "{EAF24A34-B2D6-4CBF-A29A-C8E180015C9E}"
EndProject
Global
	GlobalSection(SolutionConfigurationPlatforms) = preSolution
		Debug|Any CPU = Debug|Any CPU
		Release|Any CPU = Release|Any CPU
	EndGlobalSection
	GlobalSection(ProjectConfigurationPlatforms) = postSolution
		{EAF24A34-B2D6-4CBF-A29A-C8E180015C9E}.Debug|Any CPU.ActiveCfg = Debug|Any CPU
		{EAF24A34-B2D6-4CBF-A29A-C8E180015C9E}.Debug|Any CPU.Build.0 = Debug|Any CPU
		{EAF24A34-B2D6-4CBF-A29A-C8E180015C9E}.Release|Any CPU.ActiveCfg = Release|Any CPU
		{EAF24A34-B2D6-4CBF-A29A-C8E180015C9E}.Release|Any CPU.Build.0 = Release|Any CPU
	EndGlobalSection
	GlobalSection(SolutionProperties) = preSolution
		HideSolutionNode = FALSE
	EndGlobalSection
EndGlobal
